
Microsoft Visual Studio Solution File, Format Version 12.00
# Visual Studio 15
VisualStudioVersion = 15.0.28307.1145
MinimumVisualStudioVersion = 10.0.40219.1
Project("{FAE04EC0-301F-11D3-BF4B-00C04F79EFBC}") = "SolveITMail", "SolveITMail\SolveITMail.csproj", "{EE7B072E-587F-4F8A-99B0-182C4B635BB0}"
EndProject
Global
	GlobalSection(SolutionConfigurationPlatforms) = preSolution
		Debug|Any CPU = Debug|Any CPU
		Release|Any CPU = Release|Any CPU
	EndGlobalSection
	GlobalSection(ProjectConfigurationPlatforms) = postSolution
		{EE7B072E-587F-4F8A-99B0-182C4B635BB0}.Debug|Any CPU.ActiveCfg = Debug|Any CPU
		{EE7B072E-587F-4F8A-99B0-182C4B635BB0}.Debug|Any CPU.Build.0 = Debug|Any CPU
		{EE7B072E-587F-4F8A-99B0-182C4B635BB0}.Release|Any CPU.ActiveCfg = Release|Any CPU
		{EE7B072E-587F-4F8A-99B0-182C4B635BB0}.Release|Any CPU.Build.0 = Release|Any CPU
	EndGlobalSection
	GlobalSection(SolutionProperties) = preSolution
		HideSolutionNode = FALSE
	EndGlobalSection
	GlobalSection(ExtensibilityGlobals) = postSolution
		SolutionGuid = {068CC91D-79D1-4748-833E-27B37D7CC5D1}
	EndGlobalSection
EndGlobal
